PODS:
  - JCFloatingView (1.0.0):
    - JCFramework
  - JCFramework (1.0.0)
  - MagicalRecord (2.3.2):
    - MagicalRecord/Core (= 2.3.2)
  - MagicalRecord/Core (2.3.2)

DEPENDENCIES:
  - JCFloatingView (from `../JCFloatingView`)
  - JCFramework (from `../JCFramework`)
  - MagicalRecord

SPEC REPOS:
  https://github.com/cocoapods/specs.git:
    - MagicalRecord

EXTERNAL SOURCES:
  JCFloatingView:
    :path: "../JCFloatingView"
  JCFramework:
    :path: "../JCFramework"

SPEC CHECKSUMS:
  JCFloatingView: 975580a237bcbfe43026c034c5e0cf8842fb2eb3
  JCFramework: 8497b15cb4aebfc6b6fbba92b58caa9d8e4fbcd4
  MagicalRecord: 53bed74b4323b930992a725be713e53b37d19755

PODFILE CHECKSUM: eb1d8a201180a5a1045da2bce92fbdbe0bcc244c

COCOAPODS: 1.5.3
